
Microsoft Visual Studio Solution File, Format Version 12.00
# Visual Studio Version 16
VisualStudioVersion = 16.0.31402.337
MinimumVisualStudioVersion = 10.0.40219.1
Project("{FAE04EC0-301F-11D3-BF4B-00C04F79EFBC}") = "ReactBackend", "ReactBackend\ReactBackend.csproj", "{4031F345-8390-46F5-A456-51958D891800}"
EndProject
Global
	GlobalSection(SolutionConfigurationPlatforms) = preSolution
		Debug|Any CPU = Debug|Any CPU
		Release|Any CPU = Release|Any CPU
	EndGlobalSection
	GlobalSection(ProjectConfigurationPlatforms) = postSolution
		{4031F345-8390-46F5-A456-51958D891800}.Debug|Any CPU.ActiveCfg = Debug|Any CPU
		{4031F345-8390-46F5-A456-51958D891800}.Debug|Any CPU.Build.0 = Debug|Any CPU
		{4031F345-8390-46F5-A456-51958D891800}.Release|Any CPU.ActiveCfg = Release|Any CPU
		{4031F345-8390-46F5-A456-51958D891800}.Release|Any CPU.Build.0 = Release|Any CPU
	EndGlobalSection
	GlobalSection(SolutionProperties) = preSolution
		HideSolutionNode = FALSE
	EndGlobalSection
	GlobalSection(ExtensibilityGlobals) = postSolution
		SolutionGuid = {A3E2C72E-E0A8-414B-9C0D-CA5B363230CF}
	EndGlobalSection
EndGlobal
